
Microsoft Visual Studio Solution File, Format Version 12.00
# Visual Studio Version 17
VisualStudioVersion = 17.8.34511.84
MinimumVisualStudioVersion = 10.0.40219.1
Project("{FAE04EC0-301F-11D3-BF4B-00C04F79EFBC}") = "OefenExamen02", "OefenExamen02.csproj", "{6BE7315B-C2A0-4F73-B3B3-D8699447407C}"
EndProject
Global
	GlobalSection(SolutionConfigurationPlatforms) = preSolution
		Debug|Any CPU = Debug|Any CPU
		Release|Any CPU = Release|Any CPU
	EndGlobalSection
	GlobalSection(ProjectConfigurationPlatforms) = postSolution
		{6BE7315B-C2A0-4F73-B3B3-D8699447407C}.Debug|Any CPU.ActiveCfg = Debug|Any CPU
		{6BE7315B-C2A0-4F73-B3B3-D8699447407C}.Debug|Any CPU.Build.0 = Debug|Any CPU
		{6BE7315B-C2A0-4F73-B3B3-D8699447407C}.Release|Any CPU.ActiveCfg = Release|Any CPU
		{6BE7315B-C2A0-4F73-B3B3-D8699447407C}.Release|Any CPU.Build.0 = Release|Any CPU
	EndGlobalSection
	GlobalSection(SolutionProperties) = preSolution
		HideSolutionNode = FALSE
	EndGlobalSection
	GlobalSection(ExtensibilityGlobals) = postSolution
		SolutionGuid = {4088BAA6-3532-442A-A9DC-17F9E2538590}
	EndGlobalSection
EndGlobal
